
Microsoft Visual Studio Solution File, Format Version 12.00
# Visual Studio Version 16
VisualStudioVersion = 16.0.29519.87
MinimumVisualStudioVersion = 10.0.40219.1
Project("{FAE04EC0-301F-11D3-BF4B-00C04F79EFBC}") = "CalculateProject", "CalculateProject\CalculateProject.csproj", "{71223DF9-A1CB-4DEB-BFC3-DC7C85F39B1A}"
EndProject
Global
	GlobalSection(SolutionConfigurationPlatforms) = preSolution
		Debug|Any CPU = Debug|Any CPU
		Release|Any CPU = Release|Any CPU
	EndGlobalSection
	GlobalSection(ProjectConfigurationPlatforms) = postSolution
		{71223DF9-A1CB-4DEB-BFC3-DC7C85F39B1A}.Debug|Any CPU.ActiveCfg = Debug|Any CPU
		{71223DF9-A1CB-4DEB-BFC3-DC7C85F39B1A}.Debug|Any CPU.Build.0 = Debug|Any CPU
		{71223DF9-A1CB-4DEB-BFC3-DC7C85F39B1A}.Release|Any CPU.ActiveCfg = Release|Any CPU
		{71223DF9-A1CB-4DEB-BFC3-DC7C85F39B1A}.Release|Any CPU.Build.0 = Release|Any CPU
	EndGlobalSection
	GlobalSection(SolutionProperties) = preSolution
		HideSolutionNode = FALSE
	EndGlobalSection
	GlobalSection(ExtensibilityGlobals) = postSolution
		SolutionGuid = {8948F41B-65D6-4A9F-9A09-A1898335D415}
	EndGlobalSection
EndGlobal
